{
  "name": "test-00",
  "version": "1.0.0",
  "lockfileVersion": 3,
  "requires": true,
  "packages": {
    "": {
      "name": "test-00",
      "version": "1.0.0",
      "license": "ISC",
      "dependencies": {
        "lx-js-cjs": "^1.0.0"
      }
    },
    "node_modules/lx-js-cjs": {
      "version": "1.0.0",
      "resolved": "https://registry.npmjs.org/lx-js-cjs/-/lx-js-cjs-1.0.0.tgz",
      "integrity": "sha512-/j8zsxhhtin6NaxpaSC0pFIbSGP+aaG27Whth+COs3U+/JapEpepzGxZxdsOef7qQlCJ8XyoYTG9sXN69fCR/g=="
    }
  }
}
