{
  "name": "verdaccio-demo-usage",
  "version": "1.0.0",
  "lockfileVersion": 3,
  "requires": true,
  "packages": {
    "": {
      "name": "verdaccio-demo-usage",
      "version": "1.0.0",
      "license": "ISC",
      "dependencies": {
        "@lxnpm/verdaccio-demo-source-scope": "^0.0.1",
        "verdaccio-demo-source": "^0.0.1"
      }
    },
    "node_modules/@lxnpm/verdaccio-demo-source-scope": {
      "version": "0.0.1",
      "resolved": "http://localhost:4873/@lxnpm/verdaccio-demo-source-scope/-/verdaccio-demo-source-scope-0.0.1.tgz",
      "integrity": "sha512-go8fwf635fb2zWnlp7t0AJJ3q43OM9on0XbLwkrL75O0fLnnrgf8Q6z23XMmqDDZSRu66H4JMeITPBk9UYceFA=="
    },
    "node_modules/verdaccio-demo-source": {
      "version": "0.0.1",
      "resolved": "http://localhost:4873/verdaccio-demo-source/-/verdaccio-demo-source-0.0.1.tgz",
      "integrity": "sha512-srL7Ctqu0pb7mByPCreN7qzc5ExVuYX9QkukpTNZ+9XllK59IRN2LL5LjdYQHTNuB2NG+e+lZKQEckMyd6+bXw=="
    }
  }
}
