lockfileVersion: '6.0'

settings:
  autoInstallPeers: true
  excludeLinksFromLockfile: false

dependencies:
  lx-js-esm:
    specifier: ^1.0.0
    version: 1.0.0

packages:

  /lx-js-esm@1.0.0:
    resolution: {integrity: sha512-H1f1NdK9tIDdLkUGTDQDlIWp2LQIh9bcSE9G0G8cWmhdK9hdgiOKt/qmH5LCq61bHsWdy80RK64zL9Xs/uSXlQ==}
    dev: false
