lockfileVersion: '6.0'

settings:
  autoInstallPeers: true
  excludeLinksFromLockfile: false

dependencies:
  lx-js-cjs:
    specifier: ^1.0.0
    version: 1.0.0

packages:

  /lx-js-cjs@1.0.0:
    resolution: {integrity: sha512-/j8zsxhhtin6NaxpaSC0pFIbSGP+aaG27Whth+COs3U+/JapEpepzGxZxdsOef7qQlCJ8XyoYTG9sXN69fCR/g==}
    dev: false
