{
  "name": "test-00",
  "version": "1.0.0",
  "lockfileVersion": 3,
  "requires": true,
  "packages": {
    "": {
      "name": "test-00",
      "version": "1.0.0",
      "license": "ISC",
      "dependencies": {
        "lx-utils-only-js": "^1.0.1"
      }
    },
    "node_modules/lx-utils-only-js": {
      "version": "1.0.1",
      "resolved": "https://registry.npmjs.org/lx-utils-only-js/-/lx-utils-only-js-1.0.1.tgz",
      "integrity": "sha512-wjx0ErWSKQSaY6kNMl1IZCOIwQi0R6lyINu0ondfLAolFOfx8e/tV3yhFgXm9fjitoyD/0WRMrPvHVAtdUrw/g=="
    }
  }
}
